
Microsoft Visual Studio Solution File, Format Version 12.00
# Visual Studio 15
VisualStudioVersion = 15.0.28307.271
MinimumVisualStudioVersion = 10.0.40219.1
Project("{FAE04EC0-301F-11D3-BF4B-00C04F79EFBC}") = "Foo.Spec", "Foo.Spec\Foo.Spec.csproj", "{CE066343-5685-405C-8C93-D8BC69403C52}"
EndProject
Global
	GlobalSection(SolutionConfigurationPlatforms) = preSolution
		Debug|Any CPU = Debug|Any CPU
		Release|Any CPU = Release|Any CPU
	EndGlobalSection
	GlobalSection(ProjectConfigurationPlatforms) = postSolution
		{CE066343-5685-405C-8C93-D8BC69403C52}.Debug|Any CPU.ActiveCfg = Debug|Any CPU
		{CE066343-5685-405C-8C93-D8BC69403C52}.Debug|Any CPU.Build.0 = Debug|Any CPU
		{CE066343-5685-405C-8C93-D8BC69403C52}.Release|Any CPU.ActiveCfg = Release|Any CPU
		{CE066343-5685-405C-8C93-D8BC69403C52}.Release|Any CPU.Build.0 = Release|Any CPU
	EndGlobalSection
	GlobalSection(SolutionProperties) = preSolution
		HideSolutionNode = FALSE
	EndGlobalSection
	GlobalSection(ExtensibilityGlobals) = postSolution
		SolutionGuid = {3299F673-26C9-4A9F-8108-37D410126652}
	EndGlobalSection
EndGlobal
